
Microsoft Visual Studio Solution File, Format Version 12.00
Project("{FAE04EC0-301F-11D3-BF4B-00C04F79EFBC}") = "DDDCartApp", "src\DDDCartApp\DDDCartApp.csproj", "{B1584302-CE88-475D-BC9C-E4AA0F041EAF}"
EndProject
Global
	GlobalSection(SolutionConfigurationPlatforms) = preSolution
		Debug|Any CPU = Debug|Any CPU
		Release|Any CPU = Release|Any CPU
	EndGlobalSection
	GlobalSection(ProjectConfigurationPlatforms) = postSolution
		{B1584302-CE88-475D-BC9C-E4AA0F041EAF}.Debug|Any CPU.ActiveCfg = Debug|Any CPU
		{B1584302-CE88-475D-BC9C-E4AA0F041EAF}.Debug|Any CPU.Build.0 = Debug|Any CPU
		{B1584302-CE88-475D-BC9C-E4AA0F041EAF}.Release|Any CPU.ActiveCfg = Release|Any CPU
		{B1584302-CE88-475D-BC9C-E4AA0F041EAF}.Release|Any CPU.Build.0 = Release|Any CPU
	EndGlobalSection
EndGlobal
